
Microsoft Visual Studio Solution File, Format Version 12.00
# Visual Studio Version 17
VisualStudioVersion = 17.14.36518.9
MinimumVisualStudioVersion = 10.0.40219.1
Project("{2150E333-8FDC-42A3-9474-1A3956D46DE8}") = "src", "src", "{02EA681E-C7D8-13C7-8484-4AC65E1B71E8}"
EndProject
Project("{2150E333-8FDC-42A3-9474-1A3956D46DE8}") = "deploy", "deploy", "{454C0529-B8AF-48BD-B734-4DC4421F6CCB}"
	ProjectSection(SolutionItems) = preProject
		deploy\docker-compose.dapper.yml = deploy\docker-compose.dapper.yml
		deploy\docker-compose.efcoredefault.yml = deploy\docker-compose.efcoredefault.yml
		deploy\docker-compose.hybrid.yml = deploy\docker-compose.hybrid.yml
	EndProjectSection
EndProject
Project("{2150E333-8FDC-42A3-9474-1A3956D46DE8}") = "DapperMigrator", "DapperMigrator", "{7B913725-46EB-4968-9AF7-B29C832FC31A}"
EndProject
Project("{2150E333-8FDC-42A3-9474-1A3956D46DE8}") = "EfCoreMigrator", "EfCoreMigrator", "{28B55114-04F2-49CB-97D8-10EFD08CD6F3}"
EndProject
Project("{2150E333-8FDC-42A3-9474-1A3956D46DE8}") = "HybridMigrator", "HybridMigrator", "{684C86AF-C2B9-4AF7-A349-97E2169107E0}"
EndProject
Project("{FAE04EC0-301F-11D3-BF4B-00C04F79EFBC}") = "TestMigrator.DapperMigrator", "src\DapperMigrator\TestMigrator.DapperMigrator\TestMigrator.DapperMigrator.csproj", "{485042C5-D446-9495-6B44-A9F3595F4A71}"
EndProject
Project("{FAE04EC0-301F-11D3-BF4B-00C04F79EFBC}") = "TestMigrator.DbMigrator", "src\DapperMigrator\TestMigrator.DbMigrator\TestMigrator.DbMigrator.csproj", "{04DBAD4A-D6C0-7F2E-A61B-D4D089A2AB07}"
EndProject
Project("{FAE04EC0-301F-11D3-BF4B-00C04F79EFBC}") = "TestMigrator.EfCoreDefault", "src\EfCoreMigrator\TestMigrator.EfCoreDefault\TestMigrator.EfCoreDefault.csproj", "{5F1760CD-1F0B-A3C7-CCFF-41F2561E9BB7}"
EndProject
Project("{FAE04EC0-301F-11D3-BF4B-00C04F79EFBC}") = "TestMigrator.HybridDapperMigrator", "src\HybridMigrator\TestMigrator.DapperHybridMigrator\TestMigrator.HybridDapperMigrator.csproj", "{303F87FE-41BE-F513-99A3-8D964B886560}"
EndProject
Project("{FAE04EC0-301F-11D3-BF4B-00C04F79EFBC}") = "TestMigrator.HybridEfCoreMigrator", "src\HybridMigrator\TestMigrator.HybridEfCoreMigrator\TestMigrator.HybridEfCoreMigrator.csproj", "{4886D403-958D-B1ED-8AF7-B06A8E08F8CC}"
EndProject
Project("{FAE04EC0-301F-11D3-BF4B-00C04F79EFBC}") = "TestMigrator.HybridShared", "src\HybridMigrator\TestMigrator.HybridShared\TestMigrator.HybridShared.csproj", "{559EE68D-1EC5-8A4F-5429-18178F9F95A1}"
EndProject
Project("{2150E333-8FDC-42A3-9474-1A3956D46DE8}") = "sql-scripts", "sql-scripts", "{A8B82254-B5C7-4A67-B291-E38F5DA5272A}"
	ProjectSection(SolutionItems) = preProject
		deploy\sql-scripts\01_seed_data.sql = deploy\sql-scripts\01_seed_data.sql
		deploy\sql-scripts\02_seed_companies.sql = deploy\sql-scripts\02_seed_companies.sql
		deploy\sql-scripts\03_seed_employees.sql = deploy\sql-scripts\03_seed_employees.sql
		deploy\sql-scripts\04_seed_test.sql = deploy\sql-scripts\04_seed_test.sql
	EndProjectSection
EndProject
Project("{2150E333-8FDC-42A3-9474-1A3956D46DE8}") = "Solution Items", "Solution Items", "{219D4097-AB35-44A1-BD93-FD5D58EE5CAF}"
	ProjectSection(SolutionItems) = preProject
		README.MD = README.MD
	EndProjectSection
EndProject
Global
	GlobalSection(SolutionConfigurationPlatforms) = preSolution
		Debug|Any CPU = Debug|Any CPU
		Release|Any CPU = Release|Any CPU
	EndGlobalSection
	GlobalSection(ProjectConfigurationPlatforms) = postSolution
		{485042C5-D446-9495-6B44-A9F3595F4A71}.Debug|Any CPU.ActiveCfg = Debug|Any CPU
		{485042C5-D446-9495-6B44-A9F3595F4A71}.Debug|Any CPU.Build.0 = Debug|Any CPU
		{485042C5-D446-9495-6B44-A9F3595F4A71}.Release|Any CPU.ActiveCfg = Release|Any CPU
		{485042C5-D446-9495-6B44-A9F3595F4A71}.Release|Any CPU.Build.0 = Release|Any CPU
		{04DBAD4A-D6C0-7F2E-A61B-D4D089A2AB07}.Debug|Any CPU.ActiveCfg = Debug|Any CPU
		{04DBAD4A-D6C0-7F2E-A61B-D4D089A2AB07}.Debug|Any CPU.Build.0 = Debug|Any CPU
		{04DBAD4A-D6C0-7F2E-A61B-D4D089A2AB07}.Release|Any CPU.ActiveCfg = Release|Any CPU
		{04DBAD4A-D6C0-7F2E-A61B-D4D089A2AB07}.Release|Any CPU.Build.0 = Release|Any CPU
		{5F1760CD-1F0B-A3C7-CCFF-41F2561E9BB7}.Debug|Any CPU.ActiveCfg = Debug|Any CPU
		{5F1760CD-1F0B-A3C7-CCFF-41F2561E9BB7}.Debug|Any CPU.Build.0 = Debug|Any CPU
		{5F1760CD-1F0B-A3C7-CCFF-41F2561E9BB7}.Release|Any CPU.ActiveCfg = Release|Any CPU
		{5F1760CD-1F0B-A3C7-CCFF-41F2561E9BB7}.Release|Any CPU.Build.0 = Release|Any CPU
		{303F87FE-41BE-F513-99A3-8D964B886560}.Debug|Any CPU.ActiveCfg = Debug|Any CPU
		{303F87FE-41BE-F513-99A3-8D964B886560}.Debug|Any CPU.Build.0 = Debug|Any CPU
		{303F87FE-41BE-F513-99A3-8D964B886560}.Release|Any CPU.ActiveCfg = Release|Any CPU
		{303F87FE-41BE-F513-99A3-8D964B886560}.Release|Any CPU.Build.0 = Release|Any CPU
		{4886D403-958D-B1ED-8AF7-B06A8E08F8CC}.Debug|Any CPU.ActiveCfg = Debug|Any CPU
		{4886D403-958D-B1ED-8AF7-B06A8E08F8CC}.Debug|Any CPU.Build.0 = Debug|Any CPU
		{4886D403-958D-B1ED-8AF7-B06A8E08F8CC}.Release|Any CPU.ActiveCfg = Release|Any CPU
		{4886D403-958D-B1ED-8AF7-B06A8E08F8CC}.Release|Any CPU.Build.0 = Release|Any CPU
		{559EE68D-1EC5-8A4F-5429-18178F9F95A1}.Debug|Any CPU.ActiveCfg = Debug|Any CPU
		{559EE68D-1EC5-8A4F-5429-18178F9F95A1}.Debug|Any CPU.Build.0 = Debug|Any CPU
		{559EE68D-1EC5-8A4F-5429-18178F9F95A1}.Release|Any CPU.ActiveCfg = Release|Any CPU
		{559EE68D-1EC5-8A4F-5429-18178F9F95A1}.Release|Any CPU.Build.0 = Release|Any CPU
	EndGlobalSection
	GlobalSection(SolutionProperties) = preSolution
		HideSolutionNode = FALSE
	EndGlobalSection
	GlobalSection(NestedProjects) = preSolution
		{7B913725-46EB-4968-9AF7-B29C832FC31A} = {02EA681E-C7D8-13C7-8484-4AC65E1B71E8}
		{28B55114-04F2-49CB-97D8-10EFD08CD6F3} = {02EA681E-C7D8-13C7-8484-4AC65E1B71E8}
		{684C86AF-C2B9-4AF7-A349-97E2169107E0} = {02EA681E-C7D8-13C7-8484-4AC65E1B71E8}
		{485042C5-D446-9495-6B44-A9F3595F4A71} = {7B913725-46EB-4968-9AF7-B29C832FC31A}
		{04DBAD4A-D6C0-7F2E-A61B-D4D089A2AB07} = {7B913725-46EB-4968-9AF7-B29C832FC31A}
		{5F1760CD-1F0B-A3C7-CCFF-41F2561E9BB7} = {28B55114-04F2-49CB-97D8-10EFD08CD6F3}
		{303F87FE-41BE-F513-99A3-8D964B886560} = {684C86AF-C2B9-4AF7-A349-97E2169107E0}
		{4886D403-958D-B1ED-8AF7-B06A8E08F8CC} = {684C86AF-C2B9-4AF7-A349-97E2169107E0}
		{559EE68D-1EC5-8A4F-5429-18178F9F95A1} = {684C86AF-C2B9-4AF7-A349-97E2169107E0}
		{A8B82254-B5C7-4A67-B291-E38F5DA5272A} = {454C0529-B8AF-48BD-B734-4DC4421F6CCB}
	EndGlobalSection
	GlobalSection(ExtensibilityGlobals) = postSolution
		SolutionGuid = {25F2F918-38D3-4F3D-B875-BA07BBD3D358}
	EndGlobalSection
EndGlobal
